{
  "name": "tilang",
  "version": "0.0.1",
  "lockfileVersion": 3,
  "requires": true,
  "dev": true,
  "packages": {
    "": {
      "name": "tilang",
      "version": "0.0.1",
      "dev": true,
      "devDependencies": {
        "tilang": "file:"
      },
      "engines": {
        "vscode": "^1.100.0"
      }
    },
    "node_modules/tilang": {
      "resolved": "",
      "link": true
    }
  }
}
